
Microsoft Visual Studio Solution File, Format Version 12.00
# Visual Studio Version 17
VisualStudioVersion = 17.8.34330.188
MinimumVisualStudioVersion = 10.0.40219.1
Project("{9A19103F-16F7-4668-BE54-9A1E7A4F7556}") = "BlazorInvoiceApp", "BlazorInvoiceApp\BlazorInvoiceApp.csproj", "{B7BB347C-9D80-4B84-AB7A-D6598A5DBA3D}"
EndProject
Project("{E53339B2-1760-4266-BCC7-CA923CBCF16C}") = "docker-compose", "docker-compose.dcproj", "{65A020AD-C111-4BAB-9BFC-E6CC9E0FDA0E}"
EndProject
Global
	GlobalSection(SolutionConfigurationPlatforms) = preSolution
		Debug|Any CPU = Debug|Any CPU
		Release|Any CPU = Release|Any CPU
	EndGlobalSection
	GlobalSection(ProjectConfigurationPlatforms) = postSolution
		{B7BB347C-9D80-4B84-AB7A-D6598A5DBA3D}.Debug|Any CPU.ActiveCfg = Debug|Any CPU
		{B7BB347C-9D80-4B84-AB7A-D6598A5DBA3D}.Debug|Any CPU.Build.0 = Debug|Any CPU
		{B7BB347C-9D80-4B84-AB7A-D6598A5DBA3D}.Release|Any CPU.ActiveCfg = Release|Any CPU
		{B7BB347C-9D80-4B84-AB7A-D6598A5DBA3D}.Release|Any CPU.Build.0 = Release|Any CPU
		{65A020AD-C111-4BAB-9BFC-E6CC9E0FDA0E}.Debug|Any CPU.ActiveCfg = Debug|Any CPU
		{65A020AD-C111-4BAB-9BFC-E6CC9E0FDA0E}.Debug|Any CPU.Build.0 = Debug|Any CPU
		{65A020AD-C111-4BAB-9BFC-E6CC9E0FDA0E}.Release|Any CPU.ActiveCfg = Release|Any CPU
		{65A020AD-C111-4BAB-9BFC-E6CC9E0FDA0E}.Release|Any CPU.Build.0 = Release|Any CPU
	EndGlobalSection
	GlobalSection(SolutionProperties) = preSolution
		HideSolutionNode = FALSE
	EndGlobalSection
	GlobalSection(ExtensibilityGlobals) = postSolution
		SolutionGuid = {187D459C-22F0-442F-BA01-42A89614C681}
	EndGlobalSection
EndGlobal
